
Microsoft Visual Studio Solution File, Format Version 12.00
# Visual Studio Version 17
VisualStudioVersion = 17.1.32421.90
MinimumVisualStudioVersion = 10.0.40219.1
Project("{FAE04EC0-301F-11D3-BF4B-00C04F79EFBC}") = "ExcelUploadReadDataSaveExampleCore", "ExcelUploadReadDataSaveExampleCore\ExcelUploadReadDataSaveExampleCore.csproj", "{512B98D8-626F-4F7B-A144-E7664312AA56}"
EndProject
Global
	GlobalSection(SolutionConfigurationPlatforms) = preSolution
		Debug|Any CPU = Debug|Any CPU
		Release|Any CPU = Release|Any CPU
	EndGlobalSection
	GlobalSection(ProjectConfigurationPlatforms) = postSolution
		{512B98D8-626F-4F7B-A144-E7664312AA56}.Debug|Any CPU.ActiveCfg = Debug|Any CPU
		{512B98D8-626F-4F7B-A144-E7664312AA56}.Debug|Any CPU.Build.0 = Debug|Any CPU
		{512B98D8-626F-4F7B-A144-E7664312AA56}.Release|Any CPU.ActiveCfg = Release|Any CPU
		{512B98D8-626F-4F7B-A144-E7664312AA56}.Release|Any CPU.Build.0 = Release|Any CPU
	EndGlobalSection
	GlobalSection(SolutionProperties) = preSolution
		HideSolutionNode = FALSE
	EndGlobalSection
	GlobalSection(ExtensibilityGlobals) = postSolution
		SolutionGuid = {430DB10E-7E96-4151-87D4-D22160B47981}
	EndGlobalSection
EndGlobal
